
Microsoft Visual Studio Solution File, Format Version 10.00
# Visual Studio 2008
Project("{FAE04EC0-301F-11D3-BF4B-00C04F79EFBC}") = "Border", "Border\Border.csproj", "{8FD11AEA-8BC2-416E-A098-B95895E2DF9A}"
EndProject
Global
	GlobalSection(SolutionConfigurationPlatforms) = preSolution
		Debug|Any CPU = Debug|Any CPU
		Release|Any CPU = Release|Any CPU
	EndGlobalSection
	GlobalSection(ProjectConfigurationPlatforms) = postSolution
		{8FD11AEA-8BC2-416E-A098-B95895E2DF9A}.Debug|Any CPU.ActiveCfg = Debug|Any CPU
		{8FD11AEA-8BC2-416E-A098-B95895E2DF9A}.Debug|Any CPU.Build.0 = Debug|Any CPU
		{8FD11AEA-8BC2-416E-A098-B95895E2DF9A}.Release|Any CPU.ActiveCfg = Release|Any CPU
		{8FD11AEA-8BC2-416E-A098-B95895E2DF9A}.Release|Any CPU.Build.0 = Release|Any CPU
	EndGlobalSection
	GlobalSection(SolutionProperties) = preSolution
		HideSolutionNode = FALSE
	EndGlobalSection
EndGlobal
