
Microsoft Visual Studio Solution File, Format Version 10.00
# Visual Studio 2008
Project("{FAE04EC0-301F-11D3-BF4B-00C04F79EFBC}") = "TabStops", "TabStops\TabStops.csproj", "{8EFD4FC5-3E43-4AAD-94BA-2094F4822C32}"
EndProject
Global
	GlobalSection(SolutionConfigurationPlatforms) = preSolution
		Debug|Any CPU = Debug|Any CPU
		Release|Any CPU = Release|Any CPU
	EndGlobalSection
	GlobalSection(ProjectConfigurationPlatforms) = postSolution
		{8EFD4FC5-3E43-4AAD-94BA-2094F4822C32}.Debug|Any CPU.ActiveCfg = Debug|Any CPU
		{8EFD4FC5-3E43-4AAD-94BA-2094F4822C32}.Debug|Any CPU.Build.0 = Debug|Any CPU
		{8EFD4FC5-3E43-4AAD-94BA-2094F4822C32}.Release|Any CPU.ActiveCfg = Release|Any CPU
		{8EFD4FC5-3E43-4AAD-94BA-2094F4822C32}.Release|Any CPU.Build.0 = Release|Any CPU
	EndGlobalSection
	GlobalSection(SolutionProperties) = preSolution
		HideSolutionNode = FALSE
	EndGlobalSection
EndGlobal
