
Microsoft Visual Studio Solution File, Format Version 10.00
# Visual Studio 2008
Project("{FAE04EC0-301F-11D3-BF4B-00C04F79EFBC}") = "Clipping", "Clipping\Clipping.csproj", "{24D0A0BF-672F-43DD-B078-8539553B2287}"
EndProject
Global
	GlobalSection(SolutionConfigurationPlatforms) = preSolution
		Debug|Any CPU = Debug|Any CPU
		Release|Any CPU = Release|Any CPU
	EndGlobalSection
	GlobalSection(ProjectConfigurationPlatforms) = postSolution
		{24D0A0BF-672F-43DD-B078-8539553B2287}.Debug|Any CPU.ActiveCfg = Debug|Any CPU
		{24D0A0BF-672F-43DD-B078-8539553B2287}.Debug|Any CPU.Build.0 = Debug|Any CPU
		{24D0A0BF-672F-43DD-B078-8539553B2287}.Release|Any CPU.ActiveCfg = Release|Any CPU
		{24D0A0BF-672F-43DD-B078-8539553B2287}.Release|Any CPU.Build.0 = Release|Any CPU
	EndGlobalSection
	GlobalSection(SolutionProperties) = preSolution
		HideSolutionNode = FALSE
	EndGlobalSection
EndGlobal
