
Microsoft Visual Studio Solution File, Format Version 10.00
# Visual Studio 2008
Project("{FAE04EC0-301F-11D3-BF4B-00C04F79EFBC}") = "Keyboard", "Keyboard\Keyboard.csproj", "{3EEF71A3-E07F-4790-B64B-C97E86F7867C}"
EndProject
Global
	GlobalSection(SolutionConfigurationPlatforms) = preSolution
		Debug|Any CPU = Debug|Any CPU
		Release|Any CPU = Release|Any CPU
	EndGlobalSection
	GlobalSection(ProjectConfigurationPlatforms) = postSolution
		{3EEF71A3-E07F-4790-B64B-C97E86F7867C}.Debug|Any CPU.ActiveCfg = Debug|Any CPU
		{3EEF71A3-E07F-4790-B64B-C97E86F7867C}.Debug|Any CPU.Build.0 = Debug|Any CPU
		{3EEF71A3-E07F-4790-B64B-C97E86F7867C}.Release|Any CPU.ActiveCfg = Release|Any CPU
		{3EEF71A3-E07F-4790-B64B-C97E86F7867C}.Release|Any CPU.Build.0 = Release|Any CPU
	EndGlobalSection
	GlobalSection(SolutionProperties) = preSolution
		HideSolutionNode = FALSE
	EndGlobalSection
EndGlobal
