
Microsoft Visual Studio Solution File, Format Version 10.00
# Visual Studio 2008
Project("{FAE04EC0-301F-11D3-BF4B-00C04F79EFBC}") = "Styles", "Styles\Styles.csproj", "{8BD260B7-91F2-4001-99EA-67661A5DB61F}"
EndProject
Global
	GlobalSection(SolutionConfigurationPlatforms) = preSolution
		Debug|Any CPU = Debug|Any CPU
		Release|Any CPU = Release|Any CPU
	EndGlobalSection
	GlobalSection(ProjectConfigurationPlatforms) = postSolution
		{8BD260B7-91F2-4001-99EA-67661A5DB61F}.Debug|Any CPU.ActiveCfg = Debug|Any CPU
		{8BD260B7-91F2-4001-99EA-67661A5DB61F}.Debug|Any CPU.Build.0 = Debug|Any CPU
		{8BD260B7-91F2-4001-99EA-67661A5DB61F}.Release|Any CPU.ActiveCfg = Release|Any CPU
		{8BD260B7-91F2-4001-99EA-67661A5DB61F}.Release|Any CPU.Build.0 = Release|Any CPU
	EndGlobalSection
	GlobalSection(SolutionProperties) = preSolution
		HideSolutionNode = FALSE
	EndGlobalSection
EndGlobal
