
Microsoft Visual Studio Solution File, Format Version 10.00
# Visual Studio 2008
Project("{FAE04EC0-301F-11D3-BF4B-00C04F79EFBC}") = "RenderAtScale", "RenderAtScale\RenderAtScale.csproj", "{3318DAAF-7B8B-412F-B578-B11CF42FCC92}"
EndProject
Global
	GlobalSection(SolutionConfigurationPlatforms) = preSolution
		Debug|Any CPU = Debug|Any CPU
		Release|Any CPU = Release|Any CPU
	EndGlobalSection
	GlobalSection(ProjectConfigurationPlatforms) = postSolution
		{3318DAAF-7B8B-412F-B578-B11CF42FCC92}.Debug|Any CPU.ActiveCfg = Debug|Any CPU
		{3318DAAF-7B8B-412F-B578-B11CF42FCC92}.Debug|Any CPU.Build.0 = Debug|Any CPU
		{3318DAAF-7B8B-412F-B578-B11CF42FCC92}.Release|Any CPU.ActiveCfg = Release|Any CPU
		{3318DAAF-7B8B-412F-B578-B11CF42FCC92}.Release|Any CPU.Build.0 = Release|Any CPU
	EndGlobalSection
	GlobalSection(SolutionProperties) = preSolution
		HideSolutionNode = FALSE
	EndGlobalSection
EndGlobal
