
Microsoft Visual Studio Solution File, Format Version 10.00
# Visual Studio 2008
Project("{FAE04EC0-301F-11D3-BF4B-00C04F79EFBC}") = "SimpleXAMLShapes", "SimpleXAMLShapes\SimpleXAMLShapes.csproj", "{24B054C4-DC36-43C8-9FA3-315E8A56FDAE}"
EndProject
Global
	GlobalSection(SolutionConfigurationPlatforms) = preSolution
		Debug|Any CPU = Debug|Any CPU
		Release|Any CPU = Release|Any CPU
	EndGlobalSection
	GlobalSection(ProjectConfigurationPlatforms) = postSolution
		{24B054C4-DC36-43C8-9FA3-315E8A56FDAE}.Debug|Any CPU.ActiveCfg = Debug|Any CPU
		{24B054C4-DC36-43C8-9FA3-315E8A56FDAE}.Debug|Any CPU.Build.0 = Debug|Any CPU
		{24B054C4-DC36-43C8-9FA3-315E8A56FDAE}.Release|Any CPU.ActiveCfg = Release|Any CPU
		{24B054C4-DC36-43C8-9FA3-315E8A56FDAE}.Release|Any CPU.Build.0 = Release|Any CPU
	EndGlobalSection
	GlobalSection(SolutionProperties) = preSolution
		HideSolutionNode = FALSE
	EndGlobalSection
EndGlobal
