
Microsoft Visual Studio Solution File, Format Version 10.00
# Visual Studio 2008
Project("{FAE04EC0-301F-11D3-BF4B-00C04F79EFBC}") = "HelloWorld-EventHandler", "HelloWorld-EventHandler\HelloWorld-EventHandler.csproj", "{FB9D16BF-BA53-4E11-9CC6-ECD9D3361BAE}"
EndProject
Global
	GlobalSection(SolutionConfigurationPlatforms) = preSolution
		Debug|Any CPU = Debug|Any CPU
		Release|Any CPU = Release|Any CPU
	EndGlobalSection
	GlobalSection(ProjectConfigurationPlatforms) = postSolution
		{FB9D16BF-BA53-4E11-9CC6-ECD9D3361BAE}.Debug|Any CPU.ActiveCfg = Debug|Any CPU
		{FB9D16BF-BA53-4E11-9CC6-ECD9D3361BAE}.Debug|Any CPU.Build.0 = Debug|Any CPU
		{FB9D16BF-BA53-4E11-9CC6-ECD9D3361BAE}.Release|Any CPU.ActiveCfg = Release|Any CPU
		{FB9D16BF-BA53-4E11-9CC6-ECD9D3361BAE}.Release|Any CPU.Build.0 = Release|Any CPU
	EndGlobalSection
	GlobalSection(SolutionProperties) = preSolution
		HideSolutionNode = FALSE
	EndGlobalSection
EndGlobal
